
Microsoft Visual Studio Solution File, Format Version 12.00
# Visual Studio 15
VisualStudioVersion = 15.0.28307.421
MinimumVisualStudioVersion = 10.0.40219.1
Project("{FAE04EC0-301F-11D3-BF4B-00C04F79EFBC}") = "HW1-SalehKiani-972164024", "HW1-SalehKiani-972164024\HW1-SalehKiani-972164024.csproj", "{BECCB3A6-DF7D-4B75-A615-91A4722AD02D}"
EndProject
Global
	GlobalSection(SolutionConfigurationPlatforms) = preSolution
		Debug|Any CPU = Debug|Any CPU
		Release|Any CPU = Release|Any CPU
	EndGlobalSection
	GlobalSection(ProjectConfigurationPlatforms) = postSolution
		{BECCB3A6-DF7D-4B75-A615-91A4722AD02D}.Debug|Any CPU.ActiveCfg = Debug|Any CPU
		{BECCB3A6-DF7D-4B75-A615-91A4722AD02D}.Debug|Any CPU.Build.0 = Debug|Any CPU
		{BECCB3A6-DF7D-4B75-A615-91A4722AD02D}.Release|Any CPU.ActiveCfg = Release|Any CPU
		{BECCB3A6-DF7D-4B75-A615-91A4722AD02D}.Release|Any CPU.Build.0 = Release|Any CPU
	EndGlobalSection
	GlobalSection(SolutionProperties) = preSolution
		HideSolutionNode = FALSE
	EndGlobalSection
	GlobalSection(ExtensibilityGlobals) = postSolution
		SolutionGuid = {6FEC8046-DD6C-4CBD-BAF9-81F8B0870FC5}
	EndGlobalSection
EndGlobal
